// !$*UTF8*$!
{
	archiveVersion = 1;
	classes = {
	};
	objectVersion = 77;
	objects = {

/* Begin PBXContainerItemProxy section */
		38E8179C2CB84D6600086B2A /* PBXContainerItemProxy */ = {
			isa = PBXContainerItemProxy;
			containerPortal = 38E817832CB84D6500086B2A /* Project object */;
			proxyType = 1;
			remoteGlobalIDString = 38E8178A2CB84D6500086B2A;
			remoteInfo = MyEcommerce;
		};
		38E817A62CB84D6600086B2A /* PBXContainerItemProxy */ = {
			isa = PBXContainerItemProxy;
			containerPortal = 38E817832CB84D6500086B2A /* Project object */;
			proxyType = 1;
			remoteGlobalIDString = 38E8178A2CB84D6500086B2A;
			remoteInfo = MyEcommerce;
		};
/* End PBXContainerItemProxy section */

/* Begin PBXFileReference section */
		38E8178B2CB84D6500086B2A /* MyEcommerce.app */ = {isa = PBXFileReference; explicitFileType = wrapper.application; includeInIndex = 0; path = MyEcommerce.app; sourceTree = BUILT_PRODUCTS_DIR; };
		38E8179B2CB84D6600086B2A /* MyEcommerceTests.xctest */ = {isa = PBXFileReference; explicitFileType = wrapper.cfbundle; includeInIndex = 0; path = MyEcommerceTests.xctest; sourceTree = BUILT_PRODUCTS_DIR; };
		38E817A52CB84D6600086B2A /* MyEcommerceUITests.xctest */ = {isa = PBXFileReference; explicitFileType = wrapper.cfbundle; includeInIndex = 0; path = MyEcommerceUITests.xctest; sourceTree = BUILT_PRODUCTS_DIR; };
/* End PBXFileReference section */

/* Begin PBXFileSystemSynchronizedRootGroup section */
		38E8178D2CB84D6500086B2A /* MyEcommerce */ = {
			isa = PBXFileSystemSynchronizedRootGroup;
			path = MyEcommerce;
			sourceTree = "<group>";
		};
		38E8179E2CB84D6600086B2A /* MyEcommerceTests */ = {
			isa = PBXFileSystemSynchronizedRootGroup;
			path = MyEcommerceTests;
			sourceTree = "<group>";
		};
		38E817A82CB84D6600086B2A /* MyEcommerceUITests */ = {
			isa = PBXFileSystemSynchronizedRootGroup;
			path = MyEcommerceUITests;
			sourceTree = "<group>";
		};
/* End PBXFileSystemSynchronizedRootGroup section */

/* Begin PBXFrameworksBuildPhase section */
		38E817882CB84D6500086B2A /* Frameworks */ = {
			isa = PBXFrameworksBuildPhase;
			buildActionMask = 2147483647;
			files = (
			);
			runOnlyForDeploymentPostprocessing = 0;
		};
		38E817982CB84D6600086B2A /* Frameworks */ = {
			isa = PBXFrameworksBuildPhase;
			buildActionMask = 2147483647;
			files = (
			);
			runOnlyForDeploymentPostprocessing = 0;
		};
		38E817A22CB84D6600086B2A /* Frameworks */ = {
			isa = PBXFrameworksBuildPhase;
			buildActionMask = 2147483647;
			files = (
			);
			runOnlyForDeploymentPostprocessing = 0;
		};
/* End PBXFrameworksBuildPhase section */

/* Begin PBXGroup section */
		38E817822CB84D6500086B2A = {
			isa = PBXGroup;
			children = (
				38E8178D2CB84D6500086B2A /* MyEcommerce */,
				38E8179E2CB84D6600086B2A /* MyEcommerceTests */,
				38E817A82CB84D6600086B2A /* MyEcommerceUITests */,
				38E8178C2CB84D6500086B2A /* Products */,
			);
			sourceTree = "<group>";
		};
		38E8178C2CB84D6500086B2A /* Products */ = {
			isa = PBXGroup;
			children = (
				38E8178B2CB84D6500086B2A /* MyEcommerce.app */,
				38E8179B2CB84D6600086B2A /* MyEcommerceTests.xctest */,
				38E817A52CB84D6600086B2A /* MyEcommerceUITests.xctest */,
			);
			name = Products;
			sourceTree = "<group>";
		};
/* End PBXGroup section */

/* Begin PBXNativeTarget section */
		38E8178A2CB84D6500086B2A /* MyEcommerce */ = {
			isa = PBXNativeTarget;
			buildConfigurationList = 38E817AF2CB84D6600086B2A /* Build configuration list for PBXNativeTarget "MyEcommerce" */;
			buildPhases = (
				38E817872CB84D6500086B2A /* Sources */,
				38E817882CB84D6500086B2A /* Frameworks */,
				38E817892CB84D6500086B2A /* Resources */,
			);
			buildRules = (
			);
			dependencies = (
			);
			fileSystemSynchronizedGroups = (
				38E8178D2CB84D6500086B2A /* MyEcommerce */,
			);
			name = MyEcommerce;
			packageProductDependencies = (
			);
			productName = MyEcommerce;
			productReference = 38E8178B2CB84D6500086B2A /* MyEcommerce.app */;
			productType = "com.apple.product-type.application";
		};
		38E8179A2CB84D6600086B2A /* MyEcommerceTests */ = {
			isa = PBXNativeTarget;
			buildConfigurationList = 38E817B22CB84D6600086B2A /* Build configuration list for PBXNativeTarget "MyEcommerceTests" */;
			buildPhases = (
				38E817972CB84D6600086B2A /* Sources */,
				38E817982CB84D6600086B2A /* Frameworks */,
				38E817992CB84D6600086B2A /* Resources */,
			);
			buildRules = (
			);
			dependencies = (
				38E8179D2CB84D6600086B2A /* PBXTargetDependency */,
			);
			fileSystemSynchronizedGroups = (
				38E8179E2CB84D6600086B2A /* MyEcommerceTests */,
			);
			name = MyEcommerceTests;
			packageProductDependencies = (
			);
			productName = MyEcommerceTests;
			productReference = 38E8179B2CB84D6600086B2A /* MyEcommerceTests.xctest */;
			productType = "com.apple.product-type.bundle.unit-test";
		};
		38E817A42CB84D6600086B2A /* MyEcommerceUITests */ = {
			isa = PBXNativeTarget;
			buildConfigurationList = 38E817B52CB84D6600086B2A /* Build configuration list for PBXNativeTarget "MyEcommerceUITests" */;
			buildPhases = (
				38E817A12CB84D6600086B2A /* Sources */,
				38E817A22CB84D6600086B2A /* Frameworks */,
				38E817A32CB84D6600086B2A /* Resources */,
			);
			buildRules = (
			);
			dependencies = (
				38E817A72CB84D6600086B2A /* PBXTargetDependency */,
			);
			fileSystemSynchronizedGroups = (
				38E817A82CB84D6600086B2A /* MyEcommerceUITests */,
			);
			name = MyEcommerceUITests;
			packageProductDependencies = (
			);
			productName = MyEcommerceUITests;
			productReference = 38E817A52CB84D6600086B2A /* MyEcommerceUITests.xctest */;
			productType = "com.apple.product-type.bundle.ui-testing";
		};
/* End PBXNativeTarget section */

/* Begin PBXProject section */
		38E817832CB84D6500086B2A /* Project object */ = {
			isa = PBXProject;
			attributes = {
				BuildIndependentTargetsInParallel = 1;
				LastSwiftUpdateCheck = 1600;
				LastUpgradeCheck = 1600;
				TargetAttributes = {
					38E8178A2CB84D6500086B2A = {
						CreatedOnToolsVersion = 16.0;
					};
					38E8179A2CB84D6600086B2A = {
						CreatedOnToolsVersion = 16.0;
						TestTargetID = 38E8178A2CB84D6500086B2A;
					};
					38E817A42CB84D6600086B2A = {
						CreatedOnToolsVersion = 16.0;
						TestTargetID = 38E8178A2CB84D6500086B2A;
					};
				};
			};
			buildConfigurationList = 38E817862CB84D6500086B2A /* Build configuration list for PBXProject "MyEcommerce" */;
			developmentRegion = en;
			hasScannedForEncodings = 0;
			knownRegions = (
				en,
				Base,
			);
			mainGroup = 38E817822CB84D6500086B2A;
			minimizedProjectReferenceProxies = 1;
			preferredProjectObjectVersion = 77;
			productRefGroup = 38E8178C2CB84D6500086B2A /* Products */;
			projectDirPath = "";
			projectRoot = "";
			targets = (
				38E8178A2CB84D6500086B2A /* MyEcommerce */,
				38E8179A2CB84D6600086B2A /* MyEcommerceTests */,
				38E817A42CB84D6600086B2A /* MyEcommerceUITests */,
			);
		};
/* End PBXProject section */

/* Begin PBXResourcesBuildPhase section */
		38E817892CB84D6500086B2A /* Resources */ = {
			isa = PBXResourcesBuildPhase;
			buildActionMask = 2147483647;
			files = (
			);
			runOnlyForDeploymentPostprocessing = 0;
		};
		38E817992CB84D6600086B2A /* Resources */ = {
			isa = PBXResourcesBuildPhase;
			buildActionMask = 2147483647;
			files = (
			);
			runOnlyForDeploymentPostprocessing = 0;
		};
		38E817A32CB84D6600086B2A /* Resources */ = {
			isa = PBXResourcesBuildPhase;
			buildActionMask = 2147483647;
			files = (
			);
			runOnlyForDeploymentPostprocessing = 0;
		};
/* End PBXResourcesBuildPhase section */

/* Begin PBXSourcesBuildPhase section */
		38E817872CB84D6500086B2A /* Sources */ = {
			isa = PBXSourcesBuildPhase;
			buildActionMask = 2147483647;
			files = (
			);
			runOnlyForDeploymentPostprocessing = 0;
		};
		38E817972CB84D6600086B2A /* Sources */ = {
			isa = PBXSourcesBuildPhase;
			buildActionMask = 2147483647;
			files = (
			);
			runOnlyForDeploymentPostprocessing = 0;
		};
		38E817A12CB84D6600086B2A /* Sources */ = {
			isa = PBXSourcesBuildPhase;
			buildActionMask = 2147483647;
			files = (
			);
			runOnlyForDeploymentPostprocessing = 0;
		};
/* End PBXSourcesBuildPhase section */

/* Begin PBXTargetDependency section */
		38E8179D2CB84D6600086B2A /* PBXTargetDependency */ = {
			isa = PBXTargetDependency;
			target = 38E8178A2CB84D6500086B2A /* MyEcommerce */;
			targetProxy = 38E8179C2CB84D6600086B2A /* PBXContainerItemProxy */;
		};
		38E817A72CB84D6600086B2A /* PBXTargetDependency */ = {
			isa = PBXTargetDependency;
			target = 38E8178A2CB84D6500086B2A /* MyEcommerce */;
			targetProxy = 38E817A62CB84D6600086B2A /* PBXContainerItemProxy */;
		};
/* End PBXTargetDependency section */

/* Begin XCBuildConfiguration section */
		38E817AD2CB84D6600086B2A /* Debug */ = {
			isa = XCBuildConfiguration;
			buildSettings = {
				ALWAYS_SEARCH_USER_PATHS = NO;
				ASSETCATALOG_COMPILER_GENERATE_SWIFT_ASSET_SYMBOL_EXTENSIONS = YES;
				CLANG_ANALYZER_NONNULL = YES;
				CLANG_ANALYZER_NUMBER_OBJECT_CONVERSION = YES_AGGRESSIVE;
				CLANG_CXX_LANGUAGE_STANDARD = "gnu++20";
				CLANG_ENABLE_MODULES = YES;
				CLANG_ENABLE_OBJC_ARC = YES;
				CLANG_ENABLE_OBJC_WEAK = YES;
				CLANG_WARN_BLOCK_CAPTURE_AUTORELEASING = YES;
				CLANG_WARN_BOOL_CONVERSION = YES;
				CLANG_WARN_COMMA = YES;
				CLANG_WARN_CONSTANT_CONVERSION = YES;
				CLANG_WARN_DEPRECATED_OBJC_IMPLEMENTATIONS = YES;
				CLANG_WARN_DIRECT_OBJC_ISA_USAGE = YES_ERROR;
				CLANG_WARN_DOCUMENTATION_COMMENTS = YES;
				CLANG_WARN_EMPTY_BODY = YES;
				CLANG_WARN_ENUM_CONVERSION = YES;
				CLANG_WARN_INFINITE_RECURSION = YES;
				CLANG_WARN_INT_CONVERSION = YES;
				CLANG_WARN_NON_LITERAL_NULL_CONVERSION = YES;
				CLANG_WARN_OBJC_IMPLICIT_RETAIN_SELF = YES;
				CLANG_WARN_OBJC_LITERAL_CONVERSION = YES;
				CLANG_WARN_OBJC_ROOT_CLASS = YES_ERROR;
				CLANG_WARN_QUOTED_INCLUDE_IN_FRAMEWORK_HEADER = YES;
				CLANG_WARN_RANGE_LOOP_ANALYSIS = YES;
				CLANG_WARN_STRICT_PROTOTYPES = YES;
				CLANG_WARN_SUSPICIOUS_MOVE = YES;
				CLANG_WARN_UNGUARDED_AVAILABILITY = YES_AGGRESSIVE;
				CLANG_WARN_UNREACHABLE_CODE = YES;
				CLANG_WARN__DUPLICATE_METHOD_MATCH = YES;
				COPY_PHASE_STRIP = NO;
				DEBUG_INFORMATION_FORMAT = dwarf;
				ENABLE_STRICT_OBJC_MSGSEND = YES;
				ENABLE_TESTABILITY = YES;
				ENABLE_USER_SCRIPT_SANDBOXING = YES;
				GCC_C_LANGUAGE_STANDARD = gnu17;
				GCC_DYNAMIC_NO_PIC = NO;
				GCC_NO_COMMON_BLOCKS = YES;
				GCC_OPTIMIZATION_LEVEL = 0;
				GCC_PREPROCESSOR_DEFINITIONS = (
					"DEBUG=1",
					"$(inherited)",
				);
				GCC_WARN_64_TO_32_BIT_CONVERSION = YES;
				GCC_WARN_ABOUT_RETURN_TYPE = YES_ERROR;
				GCC_WARN_UNDECLARED_SELECTOR = YES;
				GCC_WARN_UNINITIALIZED_AUTOS = YES_AGGRESSIVE;
				GCC_WARN_UNUSED_FUNCTION = YES;
				GCC_WARN_UNUSED_VARIABLE = YES;
				IPHONEOS_DEPLOYMENT_TARGET = 18.0;
				LOCALIZATION_PREFERS_STRING_CATALOGS = YES;
				MTL_ENABLE_DEBUG_INFO = INCLUDE_SOURCE;
				MTL_FAST_MATH = YES;
				ONLY_ACTIVE_ARCH = YES;
				SDKROOT = iphoneos;
				SWIFT_ACTIVE_COMPILATION_CONDITIONS = "DEBUG $(inherited)";
				SWIFT_OPTIMIZATION_LEVEL = "-Onone";
			};
			name = Debug;
		};
		38E817AE2CB84D6600086B2A /* Release */ = {
			isa = XCBuildConfiguration;
			buildSettings = {
				ALWAYS_SEARCH_USER_PATHS = NO;
				ASSETCATALOG_COMPILER_GENERATE_SWIFT_ASSET_SYMBOL_EXTENSIONS = YES;
				CLANG_ANALYZER_NONNULL = YES;
				CLANG_ANALYZER_NUMBER_OBJECT_CONVERSION = YES_AGGRESSIVE;
				CLANG_CXX_LANGUAGE_STANDARD = "gnu++20";
				CLANG_ENABLE_MODULES = YES;
				CLANG_ENABLE_OBJC_ARC = YES;
				CLANG_ENABLE_OBJC_WEAK = YES;
				CLANG_WARN_BLOCK_CAPTURE_AUTORELEASING = YES;
				CLANG_WARN_BOOL_CONVERSION = YES;
				CLANG_WARN_COMMA = YES;
				CLANG_WARN_CONSTANT_CONVERSION = YES;
				CLANG_WARN_DEPRECATED_OBJC_IMPLEMENTATIONS = YES;
				CLANG_WARN_DIRECT_OBJC_ISA_USAGE = YES_ERROR;
				CLANG_WARN_DOCUMENTATION_COMMENTS = YES;
				CLANG_WARN_EMPTY_BODY = YES;
				CLANG_WARN_ENUM_CONVERSION = YES;
				CLANG_WARN_INFINITE_RECURSION = YES;
				CLANG_WARN_INT_CONVERSION = YES;
				CLANG_WARN_NON_LITERAL_NULL_CONVERSION = YES;
				CLANG_WARN_OBJC_IMPLICIT_RETAIN_SELF = YES;
				CLANG_WARN_OBJC_LITERAL_CONVERSION = YES;
				CLANG_WARN_OBJC_ROOT_CLASS = YES_ERROR;
				CLANG_WARN_QUOTED_INCLUDE_IN_FRAMEWORK_HEADER = YES;
				CLANG_WARN_RANGE_LOOP_ANALYSIS = YES;
				CLANG_WARN_STRICT_PROTOTYPES = YES;
				CLANG_WARN_SUSPICIOUS_MOVE = YES;
				CLANG_WARN_UNGUARDED_AVAILABILITY = YES_AGGRESSIVE;
				CLANG_WARN_UNREACHABLE_CODE = YES;
				CLANG_WARN__DUPLICATE_METHOD_MATCH = YES;
				COPY_PHASE_STRIP = NO;
				DEBUG_INFORMATION_FORMAT = "dwarf-with-dsym";
				ENABLE_NS_ASSERTIONS = NO;
				ENABLE_STRICT_OBJC_MSGSEND = YES;
				ENABLE_USER_SCRIPT_SANDBOXING = YES;
				GCC_C_LANGUAGE_STANDARD = gnu17;
				GCC_NO_COMMON_BLOCKS = YES;
				GCC_WARN_64_TO_32_BIT_CONVERSION = YES;
				GCC_WARN_ABOUT_RETURN_TYPE = YES_ERROR;
				GCC_WARN_UNDECLARED_SELECTOR = YES;
				GCC_WARN_UNINITIALIZED_AUTOS = YES_AGGRESSIVE;
				GCC_WARN_UNUSED_FUNCTION = YES;
				GCC_WARN_UNUSED_VARIABLE = YES;
				IPHONEOS_DEPLOYMENT_TARGET = 18.0;
				LOCALIZATION_PREFERS_STRING_CATALOGS = YES;
				MTL_ENABLE_DEBUG_INFO = NO;
				MTL_FAST_MATH = YES;
				SDKROOT = iphoneos;
				SWIFT_COMPILATION_MODE = wholemodule;
				VALIDATE_PRODUCT = YES;
			};
			name = Release;
		};
		38E817B02CB84D6600086B2A /* Debug */ = {
			isa = XCBuildConfiguration;
			buildSettings = {
				ASSETCATALOG_COMPILER_APPICON_NAME = AppIcon;
				ASSETCATALOG_COMPILER_GLOBAL_ACCENT_COLOR_NAME = AccentColor;
				CODE_SIGN_STYLE = Automatic;
				CURRENT_PROJECT_VERSION = 1;
				DEVELOPMENT_ASSET_PATHS = "\"MyEcommerce/Preview Content\"";
				DEVELOPMENT_TEAM = 3BN9ZBCLTH;
				ENABLE_PREVIEWS = YES;
				GENERATE_INFOPLIST_FILE = YES;
				INFOPLIST_KEY_UIApplicationSceneManifest_Generation = YES;
				INFOPLIST_KEY_UIApplicationSupportsIndirectInputEvents = YES;
				INFOPLIST_KEY_UILaunchScreen_Generation = YES;
				INFOPLIST_KEY_UISupportedInterfaceOrientations_iPad = "UIInterfaceOrientationPortrait UIInterfaceOrientationPortraitUpsideDown UIInterfaceOrientationLandscapeLeft UIInterfaceOrientationLandscapeRight";
				INFOPLIST_KEY_UISupportedInterfaceOrientations_iPhone = "UIInterfaceOrientationPortrait UIInterfaceOrientationLandscapeLeft UIInterfaceOrientationLandscapeRight";
				LD_RUNPATH_SEARCH_PATHS = (
					"$(inherited)",
					"@executable_path/Frameworks",
				);
				MARKETING_VERSION = 1.0;
				PRODUCT_BUNDLE_IDENTIFIER = com.sephora.MyEcommerce;
				PRODUCT_NAME = "$(TARGET_NAME)";
				SWIFT_EMIT_LOC_STRINGS = YES;
				SWIFT_VERSION = 5.0;
				TARGETED_DEVICE_FAMILY = "1,2";
			};
			name = Debug;
		};
		38E817B12CB84D6600086B2A /* Release */ = {
			isa = XCBuildConfiguration;
			buildSettings = {
				ASSETCATALOG_COMPILER_APPICON_NAME = AppIcon;
				ASSETCATALOG_COMPILER_GLOBAL_ACCENT_COLOR_NAME = AccentColor;
				CODE_SIGN_STYLE = Automatic;
				CURRENT_PROJECT_VERSION = 1;
				DEVELOPMENT_ASSET_PATHS = "\"MyEcommerce/Preview Content\"";
				DEVELOPMENT_TEAM = 3BN9ZBCLTH;
				ENABLE_PREVIEWS = YES;
				GENERATE_INFOPLIST_FILE = YES;
				INFOPLIST_KEY_UIApplicationSceneManifest_Generation = YES;
				INFOPLIST_KEY_UIApplicationSupportsIndirectInputEvents = YES;
				INFOPLIST_KEY_UILaunchScreen_Generation = YES;
				INFOPLIST_KEY_UISupportedInterfaceOrientations_iPad = "UIInterfaceOrientationPortrait UIInterfaceOrientationPortraitUpsideDown UIInterfaceOrientationLandscapeLeft UIInterfaceOrientationLandscapeRight";
				INFOPLIST_KEY_UISupportedInterfaceOrientations_iPhone = "UIInterfaceOrientationPortrait UIInterfaceOrientationLandscapeLeft UIInterfaceOrientationLandscapeRight";
				LD_RUNPATH_SEARCH_PATHS = (
					"$(inherited)",
					"@executable_path/Frameworks",
				);
				MARKETING_VERSION = 1.0;
				PRODUCT_BUNDLE_IDENTIFIER = com.sephora.MyEcommerce;
				PRODUCT_NAME = "$(TARGET_NAME)";
				SWIFT_EMIT_LOC_STRINGS = YES;
				SWIFT_VERSION = 5.0;
				TARGETED_DEVICE_FAMILY = "1,2";
			};
			name = Release;
		};
		38E817B32CB84D6600086B2A /* Debug */ = {
			isa = XCBuildConfiguration;
			buildSettings = {
				BUNDLE_LOADER = "$(TEST_HOST)";
				CODE_SIGN_STYLE = Automatic;
				CURRENT_PROJECT_VERSION = 1;
				DEVELOPMENT_TEAM = 3BN9ZBCLTH;
				GENERATE_INFOPLIST_FILE = YES;
				IPHONEOS_DEPLOYMENT_TARGET = 18.0;
				MARKETING_VERSION = 1.0;
				PRODUCT_BUNDLE_IDENTIFIER = com.sephora.MyEcommerceTests;
				PRODUCT_NAME = "$(TARGET_NAME)";
				SWIFT_EMIT_LOC_STRINGS = NO;
				SWIFT_VERSION = 5.0;
				TARGETED_DEVICE_FAMILY = "1,2";
				TEST_HOST = "$(BUILT_PRODUCTS_DIR)/MyEcommerce.app/$(BUNDLE_EXECUTABLE_FOLDER_PATH)/MyEcommerce";
			};
			name = Debug;
		};
		38E817B42CB84D6600086B2A /* Release */ = {
			isa = XCBuildConfiguration;
			buildSettings = {
				BUNDLE_LOADER = "$(TEST_HOST)";
				CODE_SIGN_STYLE = Automatic;
				CURRENT_PROJECT_VERSION = 1;
				DEVELOPMENT_TEAM = 3BN9ZBCLTH;
				GENERATE_INFOPLIST_FILE = YES;
				IPHONEOS_DEPLOYMENT_TARGET = 18.0;
				MARKETING_VERSION = 1.0;
				PRODUCT_BUNDLE_IDENTIFIER = com.sephora.MyEcommerceTests;
				PRODUCT_NAME = "$(TARGET_NAME)";
				SWIFT_EMIT_LOC_STRINGS = NO;
				SWIFT_VERSION = 5.0;
				TARGETED_DEVICE_FAMILY = "1,2";
				TEST_HOST = "$(BUILT_PRODUCTS_DIR)/MyEcommerce.app/$(BUNDLE_EXECUTABLE_FOLDER_PATH)/MyEcommerce";
			};
			name = Release;
		};
		38E817B62CB84D6600086B2A /* Debug */ = {
			isa = XCBuildConfiguration;
			buildSettings = {
				CODE_SIGN_STYLE = Automatic;
				CURRENT_PROJECT_VERSION = 1;
				DEVELOPMENT_TEAM = 3BN9ZBCLTH;
				GENERATE_INFOPLIST_FILE = YES;
				MARKETING_VERSION = 1.0;
				PRODUCT_BUNDLE_IDENTIFIER = com.sephora.MyEcommerceUITests;
				PRODUCT_NAME = "$(TARGET_NAME)";
				SWIFT_EMIT_LOC_STRINGS = NO;
				SWIFT_VERSION = 5.0;
				TARGETED_DEVICE_FAMILY = "1,2";
				TEST_TARGET_NAME = MyEcommerce;
			};
			name = Debug;
		};
		38E817B72CB84D6600086B2A /* Release */ = {
			isa = XCBuildConfiguration;
			buildSettings = {
				CODE_SIGN_STYLE = Automatic;
				CURRENT_PROJECT_VERSION = 1;
				DEVELOPMENT_TEAM = 3BN9ZBCLTH;
				GENERATE_INFOPLIST_FILE = YES;
				MARKETING_VERSION = 1.0;
				PRODUCT_BUNDLE_IDENTIFIER = com.sephora.MyEcommerceUITests;
				PRODUCT_NAME = "$(TARGET_NAME)";
				SWIFT_EMIT_LOC_STRINGS = NO;
				SWIFT_VERSION = 5.0;
				TARGETED_DEVICE_FAMILY = "1,2";
				TEST_TARGET_NAME = MyEcommerce;
			};
			name = Release;
		};
/* End XCBuildConfiguration section */

/* Begin XCConfigurationList section */
		38E817862CB84D6500086B2A /* Build configuration list for PBXProject "MyEcommerce" */ = {
			isa = XCConfigurationList;
			buildConfigurations = (
				38E817AD2CB84D6600086B2A /* Debug */,
				38E817AE2CB84D6600086B2A /* Release */,
			);
			defaultConfigurationIsVisible = 0;
			defaultConfigurationName = Release;
		};
		38E817AF2CB84D6600086B2A /* Build configuration list for PBXNativeTarget "MyEcommerce" */ = {
			isa = XCConfigurationList;
			buildConfigurations = (
				38E817B02CB84D6600086B2A /* Debug */,
				38E817B12CB84D6600086B2A /* Release */,
			);
			defaultConfigurationIsVisible = 0;
			defaultConfigurationName = Release;
		};
		38E817B22CB84D6600086B2A /* Build configuration list for PBXNativeTarget "MyEcommerceTests" */ = {
			isa = XCConfigurationList;
			buildConfigurations = (
				38E817B32CB84D6600086B2A /* Debug */,
				38E817B42CB84D6600086B2A /* Release */,
			);
			defaultConfigurationIsVisible = 0;
			defaultConfigurationName = Release;
		};
		38E817B52CB84D6600086B2A /* Build configuration list for PBXNativeTarget "MyEcommerceUITests" */ = {
			isa = XCConfigurationList;
			buildConfigurations = (
				38E817B62CB84D6600086B2A /* Debug */,
				38E817B72CB84D6600086B2A /* Release */,
			);
			defaultConfigurationIsVisible = 0;
			defaultConfigurationName = Release;
		};
/* End XCConfigurationList section */
	};
	rootObject = 38E817832CB84D6500086B2A /* Project object */;
}
